
Microsoft Visual Studio Solution File, Format Version 12.00
# Visual Studio Version 16
VisualStudioVersion = 16.0.31424.327
MinimumVisualStudioVersion = 10.0.40219.1
Project("{FAE04EC0-301F-11D3-BF4B-00C04F79EFBC}") = "SBL", "SBL\SBL.csproj", "{D3309440-60C9-4F3B-8530-7C2D406125AE}"
EndProject
Project("{FAE04EC0-301F-11D3-BF4B-00C04F79EFBC}") = "SBL.Data", "SBL.Data\SBL.Data.csproj", "{65D2E083-D6E8-4AA7-8195-868A1CFE1744}"
EndProject
Project("{FAE04EC0-301F-11D3-BF4B-00C04F79EFBC}") = "SBL.Service", "SBL.Service\SBL.Service.csproj", "{0C26BF7B-79F4-4D56-AAE8-5E4FCAED7429}"
EndProject
Global
	GlobalSection(SolutionConfigurationPlatforms) = preSolution
		Debug|Any CPU = Debug|Any CPU
		Release|Any CPU = Release|Any CPU
	EndGlobalSection
	GlobalSection(ProjectConfigurationPlatforms) = postSolution
		{D3309440-60C9-4F3B-8530-7C2D406125AE}.Debug|Any CPU.ActiveCfg = Debug|Any CPU
		{D3309440-60C9-4F3B-8530-7C2D406125AE}.Debug|Any CPU.Build.0 = Debug|Any CPU
		{D3309440-60C9-4F3B-8530-7C2D406125AE}.Release|Any CPU.ActiveCfg = Release|Any CPU
		{D3309440-60C9-4F3B-8530-7C2D406125AE}.Release|Any CPU.Build.0 = Release|Any CPU
		{65D2E083-D6E8-4AA7-8195-868A1CFE1744}.Debug|Any CPU.ActiveCfg = Debug|Any CPU
		{65D2E083-D6E8-4AA7-8195-868A1CFE1744}.Debug|Any CPU.Build.0 = Debug|Any CPU
		{65D2E083-D6E8-4AA7-8195-868A1CFE1744}.Release|Any CPU.ActiveCfg = Release|Any CPU
		{65D2E083-D6E8-4AA7-8195-868A1CFE1744}.Release|Any CPU.Build.0 = Release|Any CPU
		{0C26BF7B-79F4-4D56-AAE8-5E4FCAED7429}.Debug|Any CPU.ActiveCfg = Debug|Any CPU
		{0C26BF7B-79F4-4D56-AAE8-5E4FCAED7429}.Debug|Any CPU.Build.0 = Debug|Any CPU
		{0C26BF7B-79F4-4D56-AAE8-5E4FCAED7429}.Release|Any CPU.ActiveCfg = Release|Any CPU
		{0C26BF7B-79F4-4D56-AAE8-5E4FCAED7429}.Release|Any CPU.Build.0 = Release|Any CPU
	EndGlobalSection
	GlobalSection(SolutionProperties) = preSolution
		HideSolutionNode = FALSE
	EndGlobalSection
	GlobalSection(ExtensibilityGlobals) = postSolution
		SolutionGuid = {FA45A56E-3BC0-432E-914D-D28E9BFF1D22}
	EndGlobalSection
EndGlobal
